
Microsoft Visual Studio Solution File, Format Version 12.00
# Visual Studio Version 17
VisualStudioVersion = 17.14.36202.13 d17.14
MinimumVisualStudioVersion = 10.0.40219.1
Project("{FAE04EC0-301F-11D3-BF4B-00C04F79EFBC}") = "Projeto", "Projeto\Projeto.csproj", "{BE5737DB-D459-4169-BA87-70BB38AD9B1A}"
EndProject
Global
	GlobalSection(SolutionConfigurationPlatforms) = preSolution
		Debug|Any CPU = Debug|Any CPU
		Release|Any CPU = Release|Any CPU
	EndGlobalSection
	GlobalSection(ProjectConfigurationPlatforms) = postSolution
		{BE5737DB-D459-4169-BA87-70BB38AD9B1A}.Debug|Any CPU.ActiveCfg = Debug|Any CPU
		{BE5737DB-D459-4169-BA87-70BB38AD9B1A}.Debug|Any CPU.Build.0 = Debug|Any CPU
		{BE5737DB-D459-4169-BA87-70BB38AD9B1A}.Release|Any CPU.ActiveCfg = Release|Any CPU
		{BE5737DB-D459-4169-BA87-70BB38AD9B1A}.Release|Any CPU.Build.0 = Release|Any CPU
	EndGlobalSection
	GlobalSection(SolutionProperties) = preSolution
		HideSolutionNode = FALSE
	EndGlobalSection
	GlobalSection(ExtensibilityGlobals) = postSolution
		SolutionGuid = {3E9330EA-2C97-4500-93A2-480CBD1B6327}
	EndGlobalSection
EndGlobal
